
Microsoft Visual Studio Solution File, Format Version 12.00
# Visual Studio Version 16
VisualStudioVersion = 16.0.31410.357
MinimumVisualStudioVersion = 10.0.40219.1
Project("{8BC9CEB8-8B4A-11D0-8D11-00A0C91BC942}") = "RationalNumber", "RationalNumber\RationalNumber.vcxproj", "{E4AC9A00-2EA3-45E4-A7D4-E617FFBCC38D}"
EndProject
Global
	GlobalSection(SolutionConfigurationPlatforms) = preSolution
		Debug|x64 = Debug|x64
		Debug|x86 = Debug|x86
		Release|x64 = Release|x64
		Release|x86 = Release|x86
	EndGlobalSection
	GlobalSection(ProjectConfigurationPlatforms) = postSolution
		{E4AC9A00-2EA3-45E4-A7D4-E617FFBCC38D}.Debug|x64.ActiveCfg = Debug|x64
		{E4AC9A00-2EA3-45E4-A7D4-E617FFBCC38D}.Debug|x64.Build.0 = Debug|x64
		{E4AC9A00-2EA3-45E4-A7D4-E617FFBCC38D}.Debug|x86.ActiveCfg = Debug|Win32
		{E4AC9A00-2EA3-45E4-A7D4-E617FFBCC38D}.Debug|x86.Build.0 = Debug|Win32
		{E4AC9A00-2EA3-45E4-A7D4-E617FFBCC38D}.Release|x64.ActiveCfg = Release|x64
		{E4AC9A00-2EA3-45E4-A7D4-E617FFBCC38D}.Release|x64.Build.0 = Release|x64
		{E4AC9A00-2EA3-45E4-A7D4-E617FFBCC38D}.Release|x86.ActiveCfg = Release|Win32
		{E4AC9A00-2EA3-45E4-A7D4-E617FFBCC38D}.Release|x86.Build.0 = Release|Win32
	EndGlobalSection
	GlobalSection(SolutionProperties) = preSolution
		HideSolutionNode = FALSE
	EndGlobalSection
	GlobalSection(ExtensibilityGlobals) = postSolution
		SolutionGuid = {B45BA699-1C52-4B8A-9E0C-B0DD4AF4BDE6}
	EndGlobalSection
EndGlobal
