<?xml version="1.0" encoding="utf-8"?>
<Project ToolsVersion="4.0" xmlns="http://schemas.microsoft.com/developer/msbuild/2003">
  <ItemGroup>
    <Filter Include="源文件">
      <UniqueIdentifier>{4FC737F1-C7A5-4376-A066-2A32D752A2FF}</UniqueIdentifier>
      <Extensions>cpp;c;cc;cxx;c++;cppm;ixx;def;odl;idl;hpj;bat;asm;asmx</Extensions>
    </Filter>
    <Filter Include="头文件">
      <UniqueIdentifier>{93995380-89BD-4b04-88EB-625FBE52EBFB}</UniqueIdentifier>
      <Extensions>h;hh;hpp;hxx;h++;hm;inl;inc;ipp;xsd</Extensions>
    </Filter>
    <Filter Include="资源文件">
      <UniqueIdentifier>{67DA6AB6-F800-4c08-8B7A-83BB121AAD01}</UniqueIdentifier>
      <Extensions>rc;ico;cur;bmp;dlg;rc2;rct;bin;rgs;gif;jpg;jpeg;jpe;resx;tiff;tif;png;wav;mfcribbon-ms</Extensions>
    </Filter>
    <Filter Include="有理数">
      <UniqueIdentifier>{336685f7-4c53-47e0-af83-0281a5714e2f}</UniqueIdentifier>
    </Filter>
    <Filter Include="有理数\比较">
      <UniqueIdentifier>{08af8a56-11f1-46b7-9ece-2cbbfc1145b1}</UniqueIdentifier>
    </Filter>
    <Filter Include="有理数\基础">
      <UniqueIdentifier>{d0912a14-43bd-4675-b55c-215e6a954c76}</UniqueIdentifier>
    </Filter>
    <Filter Include="有理数\四则运算">
      <UniqueIdentifier>{26c4e66d-33e7-4d89-ada0-ce0deaa47290}</UniqueIdentifier>
    </Filter>
    <Filter Include="有理数\自运算">
      <UniqueIdentifier>{7085e6ec-ca82-44ab-bbf6-e61fa25958a9}</UniqueIdentifier>
    </Filter>
  </ItemGroup>
  <ItemGroup>
    <ClCompile Include="RationalNumber\RationalNumber.cpp">
      <Filter>有理数</Filter>
    </ClCompile>
    <ClCompile Include="RationalNumber\SystemRelated.cpp">
      <Filter>有理数</Filter>
    </ClCompile>
    <ClCompile Include="RationalNumber\basic\RationalNumber_assign.cpp">
      <Filter>有理数\基础</Filter>
    </ClCompile>
    <ClCompile Include="RationalNumber\basic\RationalNumber_get.cpp">
      <Filter>有理数\基础</Filter>
    </ClCompile>
    <ClCompile Include="RationalNumber\basic\RationalNumber_other.cpp">
      <Filter>有理数\基础</Filter>
    </ClCompile>
    <ClCompile Include="RationalNumber\basic\RationalNumber_set.cpp">
      <Filter>有理数\基础</Filter>
    </ClCompile>
    <ClCompile Include="RationalNumber\compare the size\RationalNumber_equal.cpp">
      <Filter>有理数\比较</Filter>
    </ClCompile>
    <ClCompile Include="RationalNumber\compare the size\RationalNumber_greaterThan.cpp">
      <Filter>有理数\比较</Filter>
    </ClCompile>
    <ClCompile Include="RationalNumber\compare the size\RationalNumber_isEqualOrGreaterThan.cpp">
      <Filter>有理数\比较</Filter>
    </ClCompile>
    <ClCompile Include="RationalNumber\compare the size\RationalNumber_isEqualOrLesserThan.cpp">
      <Filter>有理数\比较</Filter>
    </ClCompile>
    <ClCompile Include="RationalNumber\compare the size\RationalNumber_lessThan.cpp">
      <Filter>有理数\比较</Filter>
    </ClCompile>
    <ClCompile Include="RationalNumber\compare the size\RationalNumber_notEqual.cpp">
      <Filter>有理数\比较</Filter>
    </ClCompile>
    <ClCompile Include="RationalNumber\arithmetic\RationalNumber_addition.cpp">
      <Filter>有理数\四则运算</Filter>
    </ClCompile>
    <ClCompile Include="RationalNumber\arithmetic\RationalNumber_division.cpp">
      <Filter>有理数\四则运算</Filter>
    </ClCompile>
    <ClCompile Include="RationalNumber\arithmetic\RationalNumber_multiplication.cpp">
      <Filter>有理数\四则运算</Filter>
    </ClCompile>
    <ClCompile Include="RationalNumber\arithmetic\RationalNumber_subtraction.cpp">
      <Filter>有理数\四则运算</Filter>
    </ClCompile>
    <ClCompile Include="RationalNumber\since the operation\RationalNumber_decrement.cpp">
      <Filter>有理数\自运算</Filter>
    </ClCompile>
    <ClCompile Include="RationalNumber\since the operation\RationalNumber_sinceInAdditionTo.cpp">
      <Filter>有理数\自运算</Filter>
    </ClCompile>
    <ClCompile Include="RationalNumber\since the operation\RationalNumber_sinceTheAdd.cpp">
      <Filter>有理数\自运算</Filter>
    </ClCompile>
    <ClCompile Include="RationalNumber\since the operation\RationalNumber_square.cpp">
      <Filter>有理数\自运算</Filter>
    </ClCompile>
  </ItemGroup>
  <ItemGroup>
    <ClInclude Include="RationalNumber\RationalNumber.h">
      <Filter>有理数</Filter>
    </ClInclude>
  </ItemGroup>
</Project>